
Microsoft Visual Studio Solution File, Format Version 12.00
# Visual Studio Version 17
VisualStudioVersion = 17.0.31903.59
MinimumVisualStudioVersion = 10.0.40219.1
Project("{2150E333-8FDC-42A3-9474-1A3956D46DE8}") = "src", "src", "{4FD383A0-24D9-4191-AD86-E6D9D1CC430A}"
EndProject
Project("{FAE04EC0-301F-11D3-BF4B-00C04F79EFBC}") = "GenteFit.Domain", "src\GenteFit.Domain\GenteFit.Domain.csproj", "{713729DF-3AA8-46EA-8694-876B8668EDFC}"
EndProject
Project("{FAE04EC0-301F-11D3-BF4B-00C04F79EFBC}") = "GenteFit.Infrastructure", "src\GenteFit.Infrastructure\GenteFit.Infrastructure.csproj", "{83667F41-E593-44BA-A612-DF22D1634F32}"
EndProject
Project("{FAE04EC0-301F-11D3-BF4B-00C04F79EFBC}") = "GenteFit.Demo", "src\GenteFit.Demo\GenteFit.Demo.csproj", "{BC610928-D717-408E-91D1-E3D10BF130F2}"
EndProject
Global
	GlobalSection(SolutionConfigurationPlatforms) = preSolution
		Debug|Any CPU = Debug|Any CPU
		Release|Any CPU = Release|Any CPU
	EndGlobalSection
	GlobalSection(SolutionProperties) = preSolution
		HideSolutionNode = FALSE
	EndGlobalSection
	GlobalSection(ProjectConfigurationPlatforms) = postSolution
		{713729DF-3AA8-46EA-8694-876B8668EDFC}.Debug|Any CPU.ActiveCfg = Debug|Any CPU
		{713729DF-3AA8-46EA-8694-876B8668EDFC}.Debug|Any CPU.Build.0 = Debug|Any CPU
		{713729DF-3AA8-46EA-8694-876B8668EDFC}.Release|Any CPU.ActiveCfg = Release|Any CPU
		{713729DF-3AA8-46EA-8694-876B8668EDFC}.Release|Any CPU.Build.0 = Release|Any CPU
		{83667F41-E593-44BA-A612-DF22D1634F32}.Debug|Any CPU.ActiveCfg = Debug|Any CPU
		{83667F41-E593-44BA-A612-DF22D1634F32}.Debug|Any CPU.Build.0 = Debug|Any CPU
		{83667F41-E593-44BA-A612-DF22D1634F32}.Release|Any CPU.ActiveCfg = Release|Any CPU
		{83667F41-E593-44BA-A612-DF22D1634F32}.Release|Any CPU.Build.0 = Release|Any CPU
		{BC610928-D717-408E-91D1-E3D10BF130F2}.Debug|Any CPU.ActiveCfg = Debug|Any CPU
		{BC610928-D717-408E-91D1-E3D10BF130F2}.Debug|Any CPU.Build.0 = Debug|Any CPU
		{BC610928-D717-408E-91D1-E3D10BF130F2}.Release|Any CPU.ActiveCfg = Release|Any CPU
		{BC610928-D717-408E-91D1-E3D10BF130F2}.Release|Any CPU.Build.0 = Release|Any CPU
	EndGlobalSection
	GlobalSection(NestedProjects) = preSolution
		{713729DF-3AA8-46EA-8694-876B8668EDFC} = {4FD383A0-24D9-4191-AD86-E6D9D1CC430A}
		{83667F41-E593-44BA-A612-DF22D1634F32} = {4FD383A0-24D9-4191-AD86-E6D9D1CC430A}
		{BC610928-D717-408E-91D1-E3D10BF130F2} = {4FD383A0-24D9-4191-AD86-E6D9D1CC430A}
	EndGlobalSection
EndGlobal
