
Microsoft Visual Studio Solution File, Format Version 12.00
# Visual Studio Version 17
VisualStudioVersion = 17.14.36616.10
MinimumVisualStudioVersion = 10.0.40219.1
Project("{FAE04EC0-301F-11D3-BF4B-00C04F79EFBC}") = "GenteFit", "GenteFit.csproj", "{7E0B69FC-76E3-4451-9A97-0DB038A27F5C}"
EndProject
Project("{2150E333-8FDC-42A3-9474-1A3956D46DE8}") = "Elementos de la solución", "Elementos de la solución", "{D107F4C8-89CC-BEA8-D3D7-CA6B7733353D}"
	ProjectSection(SolutionItems) = preProject
		SqlServerHelper.cs = SqlServerHelper.cs
	EndProjectSection
EndProject
Project("{FAE04EC0-301F-11D3-BF4B-00C04F79EFBC}") = "GenteFit_WPF", "..\GenteFit_WPF\GenteFit_WPF.csproj", "{1DC163B5-C01F-4F69-BE68-6FEE8CE20CE0}"
EndProject
Global
	GlobalSection(SolutionConfigurationPlatforms) = preSolution
		Debug|Any CPU = Debug|Any CPU
		Release|Any CPU = Release|Any CPU
	EndGlobalSection
	GlobalSection(ProjectConfigurationPlatforms) = postSolution
		{7E0B69FC-76E3-4451-9A97-0DB038A27F5C}.Debug|Any CPU.ActiveCfg = Debug|Any CPU
		{7E0B69FC-76E3-4451-9A97-0DB038A27F5C}.Debug|Any CPU.Build.0 = Debug|Any CPU
		{7E0B69FC-76E3-4451-9A97-0DB038A27F5C}.Release|Any CPU.ActiveCfg = Release|Any CPU
		{7E0B69FC-76E3-4451-9A97-0DB038A27F5C}.Release|Any CPU.Build.0 = Release|Any CPU
		{1DC163B5-C01F-4F69-BE68-6FEE8CE20CE0}.Debug|Any CPU.ActiveCfg = Debug|Any CPU
		{1DC163B5-C01F-4F69-BE68-6FEE8CE20CE0}.Debug|Any CPU.Build.0 = Debug|Any CPU
		{1DC163B5-C01F-4F69-BE68-6FEE8CE20CE0}.Release|Any CPU.ActiveCfg = Release|Any CPU
		{1DC163B5-C01F-4F69-BE68-6FEE8CE20CE0}.Release|Any CPU.Build.0 = Release|Any CPU
	EndGlobalSection
	GlobalSection(SolutionProperties) = preSolution
		HideSolutionNode = FALSE
	EndGlobalSection
	GlobalSection(ExtensibilityGlobals) = postSolution
		SolutionGuid = {D7F64DEE-4919-45EA-9EFC-AA4EC7811997}
	EndGlobalSection
EndGlobal
